<?xml version="1.0" encoding="utf-8"?>
<Project ToolsVersion="4.0" xmlns="http://schemas.microsoft.com/developer/msbuild/2003">
  <ItemGroup>
    <Filter Include="リソース ファイル">
      <UniqueIdentifier>{67DA6AB6-F800-4c08-8B7A-83BB121AAD01}</UniqueIdentifier>
      <Extensions>rc;ico;cur;bmp;dlg;rc2;rct;bin;rgs;gif;jpg;jpeg;jpe;resx;tiff;tif;png;wav;mfcribbon-ms</Extensions>
    </Filter>
    <Filter Include="include">
      <UniqueIdentifier>{2d600831-fe84-4473-9a9e-ff4bb96e5222}</UniqueIdentifier>
    </Filter>
    <Filter Include="src">
      <UniqueIdentifier>{ee9c69d8-babd-4f2f-9a48-f5058dd4931e}</UniqueIdentifier>
    </Filter>
    <Filter Include="include\mimalloc">
      <UniqueIdentifier>{72420e23-7be4-42c6-9274-007a53ee8d1b}</UniqueIdentifier>
    </Filter>
  </ItemGroup>
  <ItemGroup>
    <ClInclude Include="include\converter.h">
      <Filter>include</Filter>
    </ClInclude>
    <ClInclude Include="include\mimalloc\mimalloc.h">
      <Filter>include\mimalloc</Filter>
    </ClInclude>
    <ClInclude Include="include\mimalloc\mimalloc-new-delete.h">
      <Filter>include\mimalloc</Filter>
    </ClInclude>
    <ClInclude Include="include\mimalloc\mimalloc-override.h">
      <Filter>include\mimalloc</Filter>
    </ClInclude>
    <ClInclude Include="include\dllmain.h">
      <Filter>include</Filter>
    </ClInclude>
    <ClInclude Include="include\model.h">
      <Filter>include</Filter>
    </ClInclude>
  </ItemGroup>
  <ItemGroup>
    <ClCompile Include="src\converter.c">
      <Filter>src</Filter>
    </ClCompile>
    <ClCompile Include="src\dllmain.cpp">
      <Filter>src</Filter>
    </ClCompile>
    <ClCompile Include="src\model.cpp">
      <Filter>src</Filter>
    </ClCompile>
  </ItemGroup>
</Project>