<?xml version="1.0" encoding="utf-8"?>
<Project ToolsVersion="4.0" xmlns="http://schemas.microsoft.com/developer/msbuild/2003">
  <ItemGroup>
    <Filter Include="include">
      <UniqueIdentifier>{49cbd3df-3bd2-4250-b341-b86831631b4e}</UniqueIdentifier>
    </Filter>
    <Filter Include="src">
      <UniqueIdentifier>{caf15cb9-111b-4c57-9c15-7eb74d72e0c6}</UniqueIdentifier>
    </Filter>
    <Filter Include="include\mimalloc">
      <UniqueIdentifier>{7ff35e0f-ae63-4449-a745-96854781b269}</UniqueIdentifier>
    </Filter>
    <Filter Include="resources">
      <UniqueIdentifier>{d69faf5c-289f-42e3-8f6e-34a991836a97}</UniqueIdentifier>
    </Filter>
  </ItemGroup>
  <ItemGroup>
    <ClCompile Include="src\converter.c">
      <Filter>src</Filter>
    </ClCompile>
    <ClCompile Include="src\test_main.cpp">
      <Filter>src</Filter>
    </ClCompile>
    <ClCompile Include="src\model.cpp">
      <Filter>src</Filter>
    </ClCompile>
  </ItemGroup>
  <ItemGroup>
    <ClInclude Include="include\ggml-blas.h">
      <Filter>include</Filter>
    </ClInclude>
    <ClInclude Include="include\llama-cpp.h">
      <Filter>include</Filter>
    </ClInclude>
    <ClInclude Include="include\ggml-vulkan.h">
      <Filter>include</Filter>
    </ClInclude>
    <ClInclude Include="include\ggml-rpc.h">
      <Filter>include</Filter>
    </ClInclude>
    <ClInclude Include="include\ggml-kompute.h">
      <Filter>include</Filter>
    </ClInclude>
    <ClInclude Include="include\ggml-cuda.h">
      <Filter>include</Filter>
    </ClInclude>
    <ClInclude Include="include\ggml-cpp.h">
      <Filter>include</Filter>
    </ClInclude>
    <ClInclude Include="include\ggml-sycl.h">
      <Filter>include</Filter>
    </ClInclude>
    <ClInclude Include="include\converter.h">
      <Filter>include</Filter>
    </ClInclude>
    <ClInclude Include="include\ggml-metal.h">
      <Filter>include</Filter>
    </ClInclude>
    <ClInclude Include="include\ggml-alloc.h">
      <Filter>include</Filter>
    </ClInclude>
    <ClInclude Include="include\ggml-cann.h">
      <Filter>include</Filter>
    </ClInclude>
    <ClInclude Include="include\ggml-cpu.h">
      <Filter>include</Filter>
    </ClInclude>
    <ClInclude Include="include\gguf.h">
      <Filter>include</Filter>
    </ClInclude>
    <ClInclude Include="include\ggml-opt.h">
      <Filter>include</Filter>
    </ClInclude>
    <ClInclude Include="include\ggml-backend.h">
      <Filter>include</Filter>
    </ClInclude>
    <ClInclude Include="include\llama.h">
      <Filter>include</Filter>
    </ClInclude>
    <ClInclude Include="include\ggml.h">
      <Filter>include</Filter>
    </ClInclude>
    <ClInclude Include="include\mimalloc\mimalloc-override.h">
      <Filter>include\mimalloc</Filter>
    </ClInclude>
    <ClInclude Include="include\mimalloc\mimalloc-new-delete.h">
      <Filter>include\mimalloc</Filter>
    </ClInclude>
    <ClInclude Include="include\mimalloc\mimalloc.h">
      <Filter>include\mimalloc</Filter>
    </ClInclude>
    <ClInclude Include="include\model.h">
      <Filter>include</Filter>
    </ClInclude>
  </ItemGroup>
  <ItemGroup>
    <None Include="resources\mtmd_shared.dll">
      <Filter>resources</Filter>
    </None>
    <None Include="resources\llama.dll">
      <Filter>resources</Filter>
    </None>
    <None Include="resources\ggml-vulkan.dll">
      <Filter>resources</Filter>
    </None>
    <None Include="resources\ggml-cuda.dll">
      <Filter>resources</Filter>
    </None>
  </ItemGroup>
  <ItemGroup>
    <CopyFileToFolders Include="resources\ggml.dll">
      <Filter>resources</Filter>
    </CopyFileToFolders>
    <CopyFileToFolders Include="resources\ggml-base.dll">
      <Filter>resources</Filter>
    </CopyFileToFolders>
    <CopyFileToFolders Include="resources\ggml-cpu.dll">
      <Filter>resources</Filter>
    </CopyFileToFolders>
    <CopyFileToFolders Include="..\qwen2.5-coder-0.5b-instruct-q4_k_m.gguf">
      <Filter>resources</Filter>
    </CopyFileToFolders>
  </ItemGroup>
</Project>